
Microsoft Visual Studio Solution File, Format Version 12.00
# Visual Studio Version 17
VisualStudioVersion = 17.7.34221.43
MinimumVisualStudioVersion = 10.0.40219.1
Project("{FAE04EC0-301F-11D3-BF4B-00C04F79EFBC}") = "core_mvc_CRUD_EF", "core_mvc_CRUD_EF.csproj", "{D2945D28-7C46-4D21-A72F-C3DF6076359D}"
EndProject
Global
	GlobalSection(SolutionConfigurationPlatforms) = preSolution
		Debug|Any CPU = Debug|Any CPU
		Release|Any CPU = Release|Any CPU
	EndGlobalSection
	GlobalSection(ProjectConfigurationPlatforms) = postSolution
		{D2945D28-7C46-4D21-A72F-C3DF6076359D}.Debug|Any CPU.ActiveCfg = Debug|Any CPU
		{D2945D28-7C46-4D21-A72F-C3DF6076359D}.Debug|Any CPU.Build.0 = Debug|Any CPU
		{D2945D28-7C46-4D21-A72F-C3DF6076359D}.Release|Any CPU.ActiveCfg = Release|Any CPU
		{D2945D28-7C46-4D21-A72F-C3DF6076359D}.Release|Any CPU.Build.0 = Release|Any CPU
	EndGlobalSection
	GlobalSection(SolutionProperties) = preSolution
		HideSolutionNode = FALSE
	EndGlobalSection
	GlobalSection(ExtensibilityGlobals) = postSolution
		SolutionGuid = {98ADEDD7-70B0-4531-A709-8021D1A11D08}
	EndGlobalSection
EndGlobal
